// !$*UTF8*$!
{
	archiveVersion = 1;
	classes = {
	};
	objectVersion = 77;
	objects = {

/* Begin PBXBuildFile section */
		9C1EBA002D3E0D9400E6A301 /* Frame-iOS in Frameworks */ = {isa = PBXBuildFile; productRef = 9C1EB9FF2D3E0D9400E6A301 /* Frame-iOS */; };
		9C1EBA4D2D3E129600E6A301 /* Frame-iOS in Frameworks */ = {isa = PBXBuildFile; productRef = 9C1EBA4C2D3E129600E6A301 /* Frame-iOS */; };
		9CED70D32CA6BED500C3B45B /* Frame-iOS in Frameworks */ = {isa = PBXBuildFile; productRef = 9CED70D22CA6BED500C3B45B /* Frame-iOS */; };
		E0810B182EF324C400ACAD0B /* Frame-iOS in Frameworks */ = {isa = PBXBuildFile; productRef = E0810B172EF324C400ACAD0B /* Frame-iOS */; };
		E0810B1A2EF324C900ACAD0B /* Frame-Onboarding in Frameworks */ = {isa = PBXBuildFile; productRef = E0810B192EF324C900ACAD0B /* Frame-Onboarding */; };
/* End PBXBuildFile section */

/* Begin PBXContainerItemProxy section */
		9CED70A52CA5868900C3B45B /* PBXContainerItemProxy */ = {
			isa = PBXContainerItemProxy;
			containerPortal = 9CED708B2CA5868700C3B45B /* Project object */;
			proxyType = 1;
			remoteGlobalIDString = 9CED70922CA5868700C3B45B;
			remoteInfo = "FrameExample-iOS";
		};
/* End PBXContainerItemProxy section */

/* Begin PBXFileReference section */
		9CED70932CA5868700C3B45B /* FrameExample-iOS.app */ = {isa = PBXFileReference; explicitFileType = wrapper.application; includeInIndex = 0; path = "FrameExample-iOS.app"; sourceTree = BUILT_PRODUCTS_DIR; };
		9CED70A42CA5868900C3B45B /* FrameExample-iOSTests.xctest */ = {isa = PBXFileReference; explicitFileType = wrapper.cfbundle; includeInIndex = 0; path = "FrameExample-iOSTests.xctest"; sourceTree = BUILT_PRODUCTS_DIR; };
		E0810B1B2EF3260300ACAD0B /* FrameExample-iOS.xctestplan */ = {isa = PBXFileReference; lastKnownFileType = text; path = "FrameExample-iOS.xctestplan"; sourceTree = "<group>"; };
/* End PBXFileReference section */

/* Begin PBXFileSystemSynchronizedRootGroup section */
		9CED70952CA5868700C3B45B /* FrameExample-iOS */ = {
			isa = PBXFileSystemSynchronizedRootGroup;
			path = "FrameExample-iOS";
			sourceTree = "<group>";
		};
		9CED70A72CA5868900C3B45B /* FrameExample-iOSTests */ = {
			isa = PBXFileSystemSynchronizedRootGroup;
			path = "FrameExample-iOSTests";
			sourceTree = "<group>";
		};
		E0810B692EF32F8E00ACAD0B /* Frame-iOSTests */ = {
			isa = PBXFileSystemSynchronizedRootGroup;
			name = "Frame-iOSTests";
			path = "../Tests/Frame-iOSTests";
			sourceTree = SOURCE_ROOT;
		};
/* End PBXFileSystemSynchronizedRootGroup section */

/* Begin PBXFrameworksBuildPhase section */
		9CED70902CA5868700C3B45B /* Frameworks */ = {
			isa = PBXFrameworksBuildPhase;
			buildActionMask = 2147483647;
			files = (
				9C1EBA4D2D3E129600E6A301 /* Frame-iOS in Frameworks */,
				9C1EBA002D3E0D9400E6A301 /* Frame-iOS in Frameworks */,
				9CED70D32CA6BED500C3B45B /* Frame-iOS in Frameworks */,
			);
			runOnlyForDeploymentPostprocessing = 0;
		};
		9CED70A12CA5868900C3B45B /* Frameworks */ = {
			isa = PBXFrameworksBuildPhase;
			buildActionMask = 2147483647;
			files = (
				E0810B182EF324C400ACAD0B /* Frame-iOS in Frameworks */,
				E0810B1A2EF324C900ACAD0B /* Frame-Onboarding in Frameworks */,
			);
			runOnlyForDeploymentPostprocessing = 0;
		};
/* End PBXFrameworksBuildPhase section */

/* Begin PBXGroup section */
		9CED708A2CA5868700C3B45B = {
			isa = PBXGroup;
			children = (
				E0810B692EF32F8E00ACAD0B /* Frame-iOSTests */,
				E0810B1B2EF3260300ACAD0B /* FrameExample-iOS.xctestplan */,
				9CED70952CA5868700C3B45B /* FrameExample-iOS */,
				9CED70A72CA5868900C3B45B /* FrameExample-iOSTests */,
				E0810B162EF324C400ACAD0B /* Frameworks */,
				9CED70942CA5868700C3B45B /* Products */,
			);
			sourceTree = "<group>";
		};
		9CED70942CA5868700C3B45B /* Products */ = {
			isa = PBXGroup;
			children = (
				9CED70932CA5868700C3B45B /* FrameExample-iOS.app */,
				9CED70A42CA5868900C3B45B /* FrameExample-iOSTests.xctest */,
			);
			name = Products;
			sourceTree = "<group>";
		};
		E0810B162EF324C400ACAD0B /* Frameworks */ = {
			isa = PBXGroup;
			children = (
			);
			name = Frameworks;
			sourceTree = "<group>";
		};
/* End PBXGroup section */

/* Begin PBXNativeTarget section */
		9CED70922CA5868700C3B45B /* FrameExample-iOS */ = {
			isa = PBXNativeTarget;
			buildConfigurationList = 9CED70B82CA5868900C3B45B /* Build configuration list for PBXNativeTarget "FrameExample-iOS" */;
			buildPhases = (
				9CED708F2CA5868700C3B45B /* Sources */,
				9CED70902CA5868700C3B45B /* Frameworks */,
				9CED70912CA5868700C3B45B /* Resources */,
			);
			buildRules = (
			);
			dependencies = (
			);
			fileSystemSynchronizedGroups = (
				9CED70952CA5868700C3B45B /* FrameExample-iOS */,
			);
			name = "FrameExample-iOS";
			packageProductDependencies = (
				9CED70D22CA6BED500C3B45B /* Frame-iOS */,
				9C1EB9FF2D3E0D9400E6A301 /* Frame-iOS */,
				9C1EBA4C2D3E129600E6A301 /* Frame-iOS */,
			);
			productName = "FrameExample-iOS";
			productReference = 9CED70932CA5868700C3B45B /* FrameExample-iOS.app */;
			productType = "com.apple.product-type.application";
		};
		9CED70A32CA5868900C3B45B /* FrameExample-iOSTests */ = {
			isa = PBXNativeTarget;
			buildConfigurationList = 9CED70BB2CA5868900C3B45B /* Build configuration list for PBXNativeTarget "FrameExample-iOSTests" */;
			buildPhases = (
				9CED70A02CA5868900C3B45B /* Sources */,
				9CED70A12CA5868900C3B45B /* Frameworks */,
				9CED70A22CA5868900C3B45B /* Resources */,
			);
			buildRules = (
			);
			dependencies = (
				9CED70A62CA5868900C3B45B /* PBXTargetDependency */,
			);
			fileSystemSynchronizedGroups = (
				9CED70A72CA5868900C3B45B /* FrameExample-iOSTests */,
				E0810B692EF32F8E00ACAD0B /* Frame-iOSTests */,
			);
			name = "FrameExample-iOSTests";
			packageProductDependencies = (
				E0810B172EF324C400ACAD0B /* Frame-iOS */,
				E0810B192EF324C900ACAD0B /* Frame-Onboarding */,
			);
			productName = "FrameExample-iOSTests";
			productReference = 9CED70A42CA5868900C3B45B /* FrameExample-iOSTests.xctest */;
			productType = "com.apple.product-type.bundle.unit-test";
		};
/* End PBXNativeTarget section */

/* Begin PBXProject section */
		9CED708B2CA5868700C3B45B /* Project object */ = {
			isa = PBXProject;
			attributes = {
				BuildIndependentTargetsInParallel = 1;
				LastSwiftUpdateCheck = 1600;
				LastUpgradeCheck = 1620;
				ORGANIZATIONNAME = "Frame Payments";
				TargetAttributes = {
					9CED70922CA5868700C3B45B = {
						CreatedOnToolsVersion = 16.0;
					};
					9CED70A32CA5868900C3B45B = {
						CreatedOnToolsVersion = 16.0;
						TestTargetID = 9CED70922CA5868700C3B45B;
					};
				};
			};
			buildConfigurationList = 9CED708E2CA5868700C3B45B /* Build configuration list for PBXProject "FrameExample-iOS" */;
			developmentRegion = en;
			hasScannedForEncodings = 0;
			knownRegions = (
				en,
				Base,
			);
			mainGroup = 9CED708A2CA5868700C3B45B;
			minimizedProjectReferenceProxies = 1;
			packageReferences = (
				9C1EBA4B2D3E129600E6A301 /* XCLocalSwiftPackageReference "../../frame-ios" */,
			);
			preferredProjectObjectVersion = 77;
			productRefGroup = 9CED70942CA5868700C3B45B /* Products */;
			projectDirPath = "";
			projectRoot = "";
			targets = (
				9CED70922CA5868700C3B45B /* FrameExample-iOS */,
				9CED70A32CA5868900C3B45B /* FrameExample-iOSTests */,
			);
		};
/* End PBXProject section */

/* Begin PBXResourcesBuildPhase section */
		9CED70912CA5868700C3B45B /* Resources */ = {
			isa = PBXResourcesBuildPhase;
			buildActionMask = 2147483647;
			files = (
			);
			runOnlyForDeploymentPostprocessing = 0;
		};
		9CED70A22CA5868900C3B45B /* Resources */ = {
			isa = PBXResourcesBuildPhase;
			buildActionMask = 2147483647;
			files = (
			);
			runOnlyForDeploymentPostprocessing = 0;
		};
/* End PBXResourcesBuildPhase section */

/* Begin PBXSourcesBuildPhase section */
		9CED708F2CA5868700C3B45B /* Sources */ = {
			isa = PBXSourcesBuildPhase;
			buildActionMask = 2147483647;
			files = (
			);
			runOnlyForDeploymentPostprocessing = 0;
		};
		9CED70A02CA5868900C3B45B /* Sources */ = {
			isa = PBXSourcesBuildPhase;
			buildActionMask = 2147483647;
			files = (
			);
			runOnlyForDeploymentPostprocessing = 0;
		};
/* End PBXSourcesBuildPhase section */

/* Begin PBXTargetDependency section */
		9CED70A62CA5868900C3B45B /* PBXTargetDependency */ = {
			isa = PBXTargetDependency;
			target = 9CED70922CA5868700C3B45B /* FrameExample-iOS */;
			targetProxy = 9CED70A52CA5868900C3B45B /* PBXContainerItemProxy */;
		};
/* End PBXTargetDependency section */

/* Begin XCBuildConfiguration section */
		9CED70B62CA5868900C3B45B /* Debug */ = {
			isa = XCBuildConfiguration;
			buildSettings = {
				ALWAYS_SEARCH_USER_PATHS = NO;
				ASSETCATALOG_COMPILER_GENERATE_SWIFT_ASSET_SYMBOL_EXTENSIONS = YES;
				CLANG_ANALYZER_NONNULL = YES;
				CLANG_ANALYZER_NUMBER_OBJECT_CONVERSION = YES_AGGRESSIVE;
				CLANG_CXX_LANGUAGE_STANDARD = "gnu++20";
				CLANG_ENABLE_MODULES = YES;
				CLANG_ENABLE_OBJC_ARC = YES;
				CLANG_ENABLE_OBJC_WEAK = YES;
				CLANG_WARN_BLOCK_CAPTURE_AUTORELEASING = YES;
				CLANG_WARN_BOOL_CONVERSION = YES;
				CLANG_WARN_COMMA = YES;
				CLANG_WARN_CONSTANT_CONVERSION = YES;
				CLANG_WARN_DEPRECATED_OBJC_IMPLEMENTATIONS = YES;
				CLANG_WARN_DIRECT_OBJC_ISA_USAGE = YES_ERROR;
				CLANG_WARN_DOCUMENTATION_COMMENTS = YES;
				CLANG_WARN_EMPTY_BODY = YES;
				CLANG_WARN_ENUM_CONVERSION = YES;
				CLANG_WARN_INFINITE_RECURSION = YES;
				CLANG_WARN_INT_CONVERSION = YES;
				CLANG_WARN_NON_LITERAL_NULL_CONVERSION = YES;
				CLANG_WARN_OBJC_IMPLICIT_RETAIN_SELF = YES;
				CLANG_WARN_OBJC_LITERAL_CONVERSION = YES;
				CLANG_WARN_OBJC_ROOT_CLASS = YES_ERROR;
				CLANG_WARN_QUOTED_INCLUDE_IN_FRAMEWORK_HEADER = YES;
				CLANG_WARN_RANGE_LOOP_ANALYSIS = YES;
				CLANG_WARN_STRICT_PROTOTYPES = YES;
				CLANG_WARN_SUSPICIOUS_MOVE = YES;
				CLANG_WARN_UNGUARDED_AVAILABILITY = YES_AGGRESSIVE;
				CLANG_WARN_UNREACHABLE_CODE = YES;
				CLANG_WARN__DUPLICATE_METHOD_MATCH = YES;
				COPY_PHASE_STRIP = NO;
				DEAD_CODE_STRIPPING = YES;
				DEBUG_INFORMATION_FORMAT = dwarf;
				ENABLE_STRICT_OBJC_MSGSEND = YES;
				ENABLE_TESTABILITY = YES;
				ENABLE_USER_SCRIPT_SANDBOXING = YES;
				GCC_C_LANGUAGE_STANDARD = gnu17;
				GCC_DYNAMIC_NO_PIC = NO;
				GCC_NO_COMMON_BLOCKS = YES;
				GCC_OPTIMIZATION_LEVEL = 0;
				GCC_PREPROCESSOR_DEFINITIONS = (
					"DEBUG=1",
					"$(inherited)",
				);
				GCC_WARN_64_TO_32_BIT_CONVERSION = YES;
				GCC_WARN_ABOUT_RETURN_TYPE = YES_ERROR;
				GCC_WARN_UNDECLARED_SELECTOR = YES;
				GCC_WARN_UNINITIALIZED_AUTOS = YES_AGGRESSIVE;
				GCC_WARN_UNUSED_FUNCTION = YES;
				GCC_WARN_UNUSED_VARIABLE = YES;
				LOCALIZATION_PREFERS_STRING_CATALOGS = YES;
				MTL_ENABLE_DEBUG_INFO = INCLUDE_SOURCE;
				MTL_FAST_MATH = YES;
				ONLY_ACTIVE_ARCH = YES;
				SWIFT_ACTIVE_COMPILATION_CONDITIONS = "DEBUG $(inherited)";
				SWIFT_OPTIMIZATION_LEVEL = "-Onone";
			};
			name = Debug;
		};
		9CED70B72CA5868900C3B45B /* Release */ = {
			isa = XCBuildConfiguration;
			buildSettings = {
				ALWAYS_SEARCH_USER_PATHS = NO;
				ASSETCATALOG_COMPILER_GENERATE_SWIFT_ASSET_SYMBOL_EXTENSIONS = YES;
				CLANG_ANALYZER_NONNULL = YES;
				CLANG_ANALYZER_NUMBER_OBJECT_CONVERSION = YES_AGGRESSIVE;
				CLANG_CXX_LANGUAGE_STANDARD = "gnu++20";
				CLANG_ENABLE_MODULES = YES;
				CLANG_ENABLE_OBJC_ARC = YES;
				CLANG_ENABLE_OBJC_WEAK = YES;
				CLANG_WARN_BLOCK_CAPTURE_AUTORELEASING = YES;
				CLANG_WARN_BOOL_CONVERSION = YES;
				CLANG_WARN_COMMA = YES;
				CLANG_WARN_CONSTANT_CONVERSION = YES;
				CLANG_WARN_DEPRECATED_OBJC_IMPLEMENTATIONS = YES;
				CLANG_WARN_DIRECT_OBJC_ISA_USAGE = YES_ERROR;
				CLANG_WARN_DOCUMENTATION_COMMENTS = YES;
				CLANG_WARN_EMPTY_BODY = YES;
				CLANG_WARN_ENUM_CONVERSION = YES;
				CLANG_WARN_INFINITE_RECURSION = YES;
				CLANG_WARN_INT_CONVERSION = YES;
				CLANG_WARN_NON_LITERAL_NULL_CONVERSION = YES;
				CLANG_WARN_OBJC_IMPLICIT_RETAIN_SELF = YES;
				CLANG_WARN_OBJC_LITERAL_CONVERSION = YES;
				CLANG_WARN_OBJC_ROOT_CLASS = YES_ERROR;
				CLANG_WARN_QUOTED_INCLUDE_IN_FRAMEWORK_HEADER = YES;
				CLANG_WARN_RANGE_LOOP_ANALYSIS = YES;
				CLANG_WARN_STRICT_PROTOTYPES = YES;
				CLANG_WARN_SUSPICIOUS_MOVE = YES;
				CLANG_WARN_UNGUARDED_AVAILABILITY = YES_AGGRESSIVE;
				CLANG_WARN_UNREACHABLE_CODE = YES;
				CLANG_WARN__DUPLICATE_METHOD_MATCH = YES;
				COPY_PHASE_STRIP = NO;
				DEAD_CODE_STRIPPING = YES;
				DEBUG_INFORMATION_FORMAT = "dwarf-with-dsym";
				ENABLE_NS_ASSERTIONS = NO;
				ENABLE_STRICT_OBJC_MSGSEND = YES;
				ENABLE_USER_SCRIPT_SANDBOXING = YES;
				GCC_C_LANGUAGE_STANDARD = gnu17;
				GCC_NO_COMMON_BLOCKS = YES;
				GCC_WARN_64_TO_32_BIT_CONVERSION = YES;
				GCC_WARN_ABOUT_RETURN_TYPE = YES_ERROR;
				GCC_WARN_UNDECLARED_SELECTOR = YES;
				GCC_WARN_UNINITIALIZED_AUTOS = YES_AGGRESSIVE;
				GCC_WARN_UNUSED_FUNCTION = YES;
				GCC_WARN_UNUSED_VARIABLE = YES;
				LOCALIZATION_PREFERS_STRING_CATALOGS = YES;
				MTL_ENABLE_DEBUG_INFO = NO;
				MTL_FAST_MATH = YES;
				SWIFT_COMPILATION_MODE = wholemodule;
			};
			name = Release;
		};
		9CED70B92CA5868900C3B45B /* Debug */ = {
			isa = XCBuildConfiguration;
			buildSettings = {
				ASSETCATALOG_COMPILER_APPICON_NAME = AppIcon;
				ASSETCATALOG_COMPILER_GLOBAL_ACCENT_COLOR_NAME = AccentColor;
				CODE_SIGN_ENTITLEMENTS = "FrameExample-iOS/FrameExample_iOS.entitlements";
				CODE_SIGN_STYLE = Automatic;
				CURRENT_PROJECT_VERSION = 1;
				DEAD_CODE_STRIPPING = YES;
				DEVELOPMENT_ASSET_PATHS = "\"FrameExample-iOS/Preview Content\"";
				DEVELOPMENT_TEAM = MD2AM4B85J;
				ENABLE_PREVIEWS = YES;
				GENERATE_INFOPLIST_FILE = YES;
				"INFOPLIST_KEY_UIApplicationSceneManifest_Generation[sdk=iphoneos*]" = YES;
				"INFOPLIST_KEY_UIApplicationSceneManifest_Generation[sdk=iphonesimulator*]" = YES;
				"INFOPLIST_KEY_UIApplicationSupportsIndirectInputEvents[sdk=iphoneos*]" = YES;
				"INFOPLIST_KEY_UIApplicationSupportsIndirectInputEvents[sdk=iphonesimulator*]" = YES;
				"INFOPLIST_KEY_UILaunchScreen_Generation[sdk=iphoneos*]" = YES;
				"INFOPLIST_KEY_UILaunchScreen_Generation[sdk=iphonesimulator*]" = YES;
				"INFOPLIST_KEY_UIStatusBarStyle[sdk=iphoneos*]" = UIStatusBarStyleDefault;
				"INFOPLIST_KEY_UIStatusBarStyle[sdk=iphonesimulator*]" = UIStatusBarStyleDefault;
				INFOPLIST_KEY_UISupportedInterfaceOrientations_iPad = "UIInterfaceOrientationPortrait UIInterfaceOrientationPortraitUpsideDown UIInterfaceOrientationLandscapeLeft UIInterfaceOrientationLandscapeRight";
				INFOPLIST_KEY_UISupportedInterfaceOrientations_iPhone = "UIInterfaceOrientationPortrait UIInterfaceOrientationLandscapeLeft UIInterfaceOrientationLandscapeRight";
				IPHONEOS_DEPLOYMENT_TARGET = 18.0;
				LD_RUNPATH_SEARCH_PATHS = "@executable_path/Frameworks";
				"LD_RUNPATH_SEARCH_PATHS[sdk=macosx*]" = "@executable_path/../Frameworks";
				MACOSX_DEPLOYMENT_TARGET = 15.0;
				MARKETING_VERSION = 1.0;
				PRODUCT_BUNDLE_IDENTIFIER = "com.Frame.FrameExample-iOS";
				PRODUCT_NAME = "$(TARGET_NAME)";
				SDKROOT = auto;
				SUPPORTED_PLATFORMS = "iphoneos iphonesimulator macosx xros xrsimulator";
				SWIFT_EMIT_LOC_STRINGS = YES;
				SWIFT_VERSION = 5.0;
				TARGETED_DEVICE_FAMILY = "1,2,7";
				XROS_DEPLOYMENT_TARGET = 2.0;
			};
			name = Debug;
		};
		9CED70BA2CA5868900C3B45B /* Release */ = {
			isa = XCBuildConfiguration;
			buildSettings = {
				ASSETCATALOG_COMPILER_APPICON_NAME = AppIcon;
				ASSETCATALOG_COMPILER_GLOBAL_ACCENT_COLOR_NAME = AccentColor;
				CODE_SIGN_ENTITLEMENTS = "FrameExample-iOS/FrameExample_iOS.entitlements";
				CODE_SIGN_STYLE = Automatic;
				CURRENT_PROJECT_VERSION = 1;
				DEAD_CODE_STRIPPING = YES;
				DEVELOPMENT_ASSET_PATHS = "\"FrameExample-iOS/Preview Content\"";
				DEVELOPMENT_TEAM = MD2AM4B85J;
				ENABLE_PREVIEWS = YES;
				GENERATE_INFOPLIST_FILE = YES;
				"INFOPLIST_KEY_UIApplicationSceneManifest_Generation[sdk=iphoneos*]" = YES;
				"INFOPLIST_KEY_UIApplicationSceneManifest_Generation[sdk=iphonesimulator*]" = YES;
				"INFOPLIST_KEY_UIApplicationSupportsIndirectInputEvents[sdk=iphoneos*]" = YES;
				"INFOPLIST_KEY_UIApplicationSupportsIndirectInputEvents[sdk=iphonesimulator*]" = YES;
				"INFOPLIST_KEY_UILaunchScreen_Generation[sdk=iphoneos*]" = YES;
				"INFOPLIST_KEY_UILaunchScreen_Generation[sdk=iphonesimulator*]" = YES;
				"INFOPLIST_KEY_UIStatusBarStyle[sdk=iphoneos*]" = UIStatusBarStyleDefault;
				"INFOPLIST_KEY_UIStatusBarStyle[sdk=iphonesimulator*]" = UIStatusBarStyleDefault;
				INFOPLIST_KEY_UISupportedInterfaceOrientations_iPad = "UIInterfaceOrientationPortrait UIInterfaceOrientationPortraitUpsideDown UIInterfaceOrientationLandscapeLeft UIInterfaceOrientationLandscapeRight";
				INFOPLIST_KEY_UISupportedInterfaceOrientations_iPhone = "UIInterfaceOrientationPortrait UIInterfaceOrientationLandscapeLeft UIInterfaceOrientationLandscapeRight";
				IPHONEOS_DEPLOYMENT_TARGET = 18.0;
				LD_RUNPATH_SEARCH_PATHS = "@executable_path/Frameworks";
				"LD_RUNPATH_SEARCH_PATHS[sdk=macosx*]" = "@executable_path/../Frameworks";
				MACOSX_DEPLOYMENT_TARGET = 15.0;
				MARKETING_VERSION = 1.0;
				PRODUCT_BUNDLE_IDENTIFIER = "com.Frame.FrameExample-iOS";
				PRODUCT_NAME = "$(TARGET_NAME)";
				SDKROOT = auto;
				SUPPORTED_PLATFORMS = "iphoneos iphonesimulator macosx xros xrsimulator";
				SWIFT_EMIT_LOC_STRINGS = YES;
				SWIFT_VERSION = 5.0;
				TARGETED_DEVICE_FAMILY = "1,2,7";
				XROS_DEPLOYMENT_TARGET = 2.0;
			};
			name = Release;
		};
		9CED70BC2CA5868900C3B45B /* Debug */ = {
			isa = XCBuildConfiguration;
			buildSettings = {
				BUNDLE_LOADER = "$(TEST_HOST)";
				CODE_SIGN_STYLE = Automatic;
				CURRENT_PROJECT_VERSION = 1;
				DEAD_CODE_STRIPPING = YES;
				GENERATE_INFOPLIST_FILE = YES;
				IPHONEOS_DEPLOYMENT_TARGET = 18.0;
				MACOSX_DEPLOYMENT_TARGET = 15.0;
				MARKETING_VERSION = 1.0;
				PRODUCT_BUNDLE_IDENTIFIER = "com.Frame.FrameExample-iOSTests";
				PRODUCT_NAME = "$(TARGET_NAME)";
				SDKROOT = auto;
				SUPPORTED_PLATFORMS = "iphoneos iphonesimulator macosx xros xrsimulator";
				SWIFT_EMIT_LOC_STRINGS = NO;
				SWIFT_VERSION = 5.0;
				TARGETED_DEVICE_FAMILY = "1,2,7";
				TEST_HOST = "$(BUILT_PRODUCTS_DIR)/FrameExample-iOS.app/$(BUNDLE_EXECUTABLE_FOLDER_PATH)/FrameExample-iOS";
				XROS_DEPLOYMENT_TARGET = 2.0;
			};
			name = Debug;
		};
		9CED70BD2CA5868900C3B45B /* Release */ = {
			isa = XCBuildConfiguration;
			buildSettings = {
				BUNDLE_LOADER = "$(TEST_HOST)";
				CODE_SIGN_STYLE = Automatic;
				CURRENT_PROJECT_VERSION = 1;
				DEAD_CODE_STRIPPING = YES;
				GENERATE_INFOPLIST_FILE = YES;
				IPHONEOS_DEPLOYMENT_TARGET = 18.0;
				MACOSX_DEPLOYMENT_TARGET = 15.0;
				MARKETING_VERSION = 1.0;
				PRODUCT_BUNDLE_IDENTIFIER = "com.Frame.FrameExample-iOSTests";
				PRODUCT_NAME = "$(TARGET_NAME)";
				SDKROOT = auto;
				SUPPORTED_PLATFORMS = "iphoneos iphonesimulator macosx xros xrsimulator";
				SWIFT_EMIT_LOC_STRINGS = NO;
				SWIFT_VERSION = 5.0;
				TARGETED_DEVICE_FAMILY = "1,2,7";
				TEST_HOST = "$(BUILT_PRODUCTS_DIR)/FrameExample-iOS.app/$(BUNDLE_EXECUTABLE_FOLDER_PATH)/FrameExample-iOS";
				XROS_DEPLOYMENT_TARGET = 2.0;
			};
			name = Release;
		};
/* End XCBuildConfiguration section */

/* Begin XCConfigurationList section */
		9CED708E2CA5868700C3B45B /* Build configuration list for PBXProject "FrameExample-iOS" */ = {
			isa = XCConfigurationList;
			buildConfigurations = (
				9CED70B62CA5868900C3B45B /* Debug */,
				9CED70B72CA5868900C3B45B /* Release */,
			);
			defaultConfigurationIsVisible = 0;
			defaultConfigurationName = Release;
		};
		9CED70B82CA5868900C3B45B /* Build configuration list for PBXNativeTarget "FrameExample-iOS" */ = {
			isa = XCConfigurationList;
			buildConfigurations = (
				9CED70B92CA5868900C3B45B /* Debug */,
				9CED70BA2CA5868900C3B45B /* Release */,
			);
			defaultConfigurationIsVisible = 0;
			defaultConfigurationName = Release;
		};
		9CED70BB2CA5868900C3B45B /* Build configuration list for PBXNativeTarget "FrameExample-iOSTests" */ = {
			isa = XCConfigurationList;
			buildConfigurations = (
				9CED70BC2CA5868900C3B45B /* Debug */,
				9CED70BD2CA5868900C3B45B /* Release */,
			);
			defaultConfigurationIsVisible = 0;
			defaultConfigurationName = Release;
		};
/* End XCConfigurationList section */

/* Begin XCLocalSwiftPackageReference section */
		9C1EBA4B2D3E129600E6A301 /* XCLocalSwiftPackageReference "../../frame-ios" */ = {
			isa = XCLocalSwiftPackageReference;
			relativePath = "../../frame-ios";
		};
/* End XCLocalSwiftPackageReference section */

/* Begin XCSwiftPackageProductDependency section */
		9C1EB9FF2D3E0D9400E6A301 /* Frame-iOS */ = {
			isa = XCSwiftPackageProductDependency;
			productName = "Frame-iOS";
		};
		9C1EBA4C2D3E129600E6A301 /* Frame-iOS */ = {
			isa = XCSwiftPackageProductDependency;
			productName = "Frame-iOS";
		};
		9CED70D22CA6BED500C3B45B /* Frame-iOS */ = {
			isa = XCSwiftPackageProductDependency;
			productName = "Frame-iOS";
		};
		E0810B172EF324C400ACAD0B /* Frame-iOS */ = {
			isa = XCSwiftPackageProductDependency;
			package = 9C1EBA4B2D3E129600E6A301 /* XCLocalSwiftPackageReference "../../frame-ios" */;
			productName = "Frame-iOS";
		};
		E0810B192EF324C900ACAD0B /* Frame-Onboarding */ = {
			isa = XCSwiftPackageProductDependency;
			package = 9C1EBA4B2D3E129600E6A301 /* XCLocalSwiftPackageReference "../../frame-ios" */;
			productName = "Frame-Onboarding";
		};
/* End XCSwiftPackageProductDependency section */
	};
	rootObject = 9CED708B2CA5868700C3B45B /* Project object */;
}
